
Microsoft Visual Studio Solution File, Format Version 12.00
# Visual Studio Version 17
VisualStudioVersion = 17.0.32126.317
MinimumVisualStudioVersion = 10.0.40219.1
Project("{FAE04EC0-301F-11D3-BF4B-00C04F79EFBC}") = "KPZ_Lab3", "KPZ_Lab3\KPZ_Lab3.csproj", "{95D10AF7-2BA1-4658-842C-31A3C200D7A6}"
EndProject
Global
	GlobalSection(SolutionConfigurationPlatforms) = preSolution
		Debug|Any CPU = Debug|Any CPU
		Release|Any CPU = Release|Any CPU
	EndGlobalSection
	GlobalSection(ProjectConfigurationPlatforms) = postSolution
		{95D10AF7-2BA1-4658-842C-31A3C200D7A6}.Debug|Any CPU.ActiveCfg = Debug|Any CPU
		{95D10AF7-2BA1-4658-842C-31A3C200D7A6}.Debug|Any CPU.Build.0 = Debug|Any CPU
		{95D10AF7-2BA1-4658-842C-31A3C200D7A6}.Release|Any CPU.ActiveCfg = Release|Any CPU
		{95D10AF7-2BA1-4658-842C-31A3C200D7A6}.Release|Any CPU.Build.0 = Release|Any CPU
	EndGlobalSection
	GlobalSection(SolutionProperties) = preSolution
		HideSolutionNode = FALSE
	EndGlobalSection
	GlobalSection(ExtensibilityGlobals) = postSolution
		SolutionGuid = {B1D8FED4-8BE1-49B5-8677-854814AD1301}
	EndGlobalSection
EndGlobal
